
Microsoft Visual Studio Solution File, Format Version 12.00
# Visual Studio Version 17
VisualStudioVersion = 17.1.32407.343
MinimumVisualStudioVersion = 10.0.40219.1
Project("{FAE04EC0-301F-11D3-BF4B-00C04F79EFBC}") = "Slot.Android", "Slot\Slot.Android\Slot.Android.csproj", "{1C23DE53-F128-49BC-8D92-1C25091F0B0B}"
EndProject
Project("{FAE04EC0-301F-11D3-BF4B-00C04F79EFBC}") = "Slot", "Slot\Slot\Slot.csproj", "{C79B9C8C-B43E-4625-AC15-05FF7A15E36C}"
EndProject
Global
	GlobalSection(SolutionConfigurationPlatforms) = preSolution
		Debug|Any CPU = Debug|Any CPU
		Release|Any CPU = Release|Any CPU
	EndGlobalSection
	GlobalSection(ProjectConfigurationPlatforms) = postSolution
		{1C23DE53-F128-49BC-8D92-1C25091F0B0B}.Debug|Any CPU.ActiveCfg = Debug|Any CPU
		{1C23DE53-F128-49BC-8D92-1C25091F0B0B}.Debug|Any CPU.Build.0 = Debug|Any CPU
		{1C23DE53-F128-49BC-8D92-1C25091F0B0B}.Debug|Any CPU.Deploy.0 = Debug|Any CPU
		{1C23DE53-F128-49BC-8D92-1C25091F0B0B}.Release|Any CPU.ActiveCfg = Release|Any CPU
		{1C23DE53-F128-49BC-8D92-1C25091F0B0B}.Release|Any CPU.Build.0 = Release|Any CPU
		{1C23DE53-F128-49BC-8D92-1C25091F0B0B}.Release|Any CPU.Deploy.0 = Release|Any CPU
		{C79B9C8C-B43E-4625-AC15-05FF7A15E36C}.Debug|Any CPU.ActiveCfg = Debug|Any CPU
		{C79B9C8C-B43E-4625-AC15-05FF7A15E36C}.Debug|Any CPU.Build.0 = Debug|Any CPU
		{C79B9C8C-B43E-4625-AC15-05FF7A15E36C}.Debug|Any CPU.Deploy.0 = Debug|Any CPU
		{C79B9C8C-B43E-4625-AC15-05FF7A15E36C}.Release|Any CPU.ActiveCfg = Release|Any CPU
		{C79B9C8C-B43E-4625-AC15-05FF7A15E36C}.Release|Any CPU.Build.0 = Release|Any CPU
		{C79B9C8C-B43E-4625-AC15-05FF7A15E36C}.Release|Any CPU.Deploy.0 = Release|Any CPU
	EndGlobalSection
	GlobalSection(SolutionProperties) = preSolution
		HideSolutionNode = FALSE
	EndGlobalSection
	GlobalSection(ExtensibilityGlobals) = postSolution
		SolutionGuid = {C88F97C2-0565-4DEF-A906-A53EF2AEADFE}
	EndGlobalSection
EndGlobal
